// !$*UTF8*$!
{
	archiveVersion = 1;
	classes = {
	};
	objectVersion = 46;
	objects = {

/* Begin PBXBuildFile section */
		699A17C01C2C786400D72085 /* Meme.swift in Sources */ = {isa = PBXBuildFile; fileRef = 699A17BF1C2C786400D72085 /* Meme.swift */; };
		69CEE2501C35168700FBF289 /* MemeManager.swift in Sources */ = {isa = PBXBuildFile; fileRef = 69CEE24F1C35168700FBF289 /* MemeManager.swift */; };
		69D8403F1C20C751007EC68C /* AppDelegate.swift in Sources */ = {isa = PBXBuildFile; fileRef = 69D8403E1C20C751007EC68C /* AppDelegate.swift */; };
		69D840411C20C751007EC68C /* CreateMemeViewController.swift in Sources */ = {isa = PBXBuildFile; fileRef = 69D840401C20C751007EC68C /* CreateMemeViewController.swift */; };
		69D840461C20C751007EC68C /* Assets.xcassets in Resources */ = {isa = PBXBuildFile; fileRef = 69D840451C20C751007EC68C /* Assets.xcassets */; };
		69D840491C20C751007EC68C /* LaunchScreen.storyboard in Resources */ = {isa = PBXBuildFile; fileRef = 69D840471C20C751007EC68C /* LaunchScreen.storyboard */; };
		69D840541C20C751007EC68C /* MemeMeTests.swift in Sources */ = {isa = PBXBuildFile; fileRef = 69D840531C20C751007EC68C /* MemeMeTests.swift */; };
		69D8405F1C20C751007EC68C /* MemeMeUITests.swift in Sources */ = {isa = PBXBuildFile; fileRef = 69D8405E1C20C751007EC68C /* MemeMeUITests.swift */; };
		69DDA61F1C2E8F3E00B9CB55 /* MemeTableViewController.swift in Sources */ = {isa = PBXBuildFile; fileRef = 69DDA61E1C2E8F3E00B9CB55 /* MemeTableViewController.swift */; };
		69DDA6211C2E906E00B9CB55 /* MemeCollectionViewController.swift in Sources */ = {isa = PBXBuildFile; fileRef = 69DDA6201C2E906E00B9CB55 /* MemeCollectionViewController.swift */; };
		69DDA6231C2F9EE200B9CB55 /* CollectionViewCell.swift in Sources */ = {isa = PBXBuildFile; fileRef = 69DDA6221C2F9EE200B9CB55 /* CollectionViewCell.swift */; };
		69DDA6251C2FA24C00B9CB55 /* TableViewCell.swift in Sources */ = {isa = PBXBuildFile; fileRef = 69DDA6241C2FA24C00B9CB55 /* TableViewCell.swift */; };
		69DDA6281C2FC84100B9CB55 /* Main.storyboard in Resources */ = {isa = PBXBuildFile; fileRef = 69DDA6261C2FC84100B9CB55 /* Main.storyboard */; };
		69DDA62A1C30B4EE00B9CB55 /* MemeDetailViewController.swift in Sources */ = {isa = PBXBuildFile; fileRef = 69DDA6291C30B4EE00B9CB55 /* MemeDetailViewController.swift */; };
/* End PBXBuildFile section */

/* Begin PBXContainerItemProxy section */
		69D840501C20C751007EC68C /* PBXContainerItemProxy */ = {
			isa = PBXContainerItemProxy;
			containerPortal = 69D840331C20C751007EC68C /* Project object */;
			proxyType = 1;
			remoteGlobalIDString = 69D8403A1C20C751007EC68C;
			remoteInfo = MemeMe;
		};
		69D8405B1C20C751007EC68C /* PBXContainerItemProxy */ = {
			isa = PBXContainerItemProxy;
			containerPortal = 69D840331C20C751007EC68C /* Project object */;
			proxyType = 1;
			remoteGlobalIDString = 69D8403A1C20C751007EC68C;
			remoteInfo = MemeMe;
		};
/* End PBXContainerItemProxy section */

/* Begin PBXFileReference section */
		699A17BF1C2C786400D72085 /* Meme.swift */ = {isa = PBXFileReference; fileEncoding = 4; lastKnownFileType = sourcecode.swift; path = Meme.swift; sourceTree = "<group>"; };
		69CEE24F1C35168700FBF289 /* MemeManager.swift */ = {isa = PBXFileReference; fileEncoding = 4; lastKnownFileType = sourcecode.swift; path = MemeManager.swift; sourceTree = "<group>"; };
		69D8403B1C20C751007EC68C /* MemeMe.app */ = {isa = PBXFileReference; explicitFileType = wrapper.application; includeInIndex = 0; path = MemeMe.app; sourceTree = BUILT_PRODUCTS_DIR; };
		69D8403E1C20C751007EC68C /* AppDelegate.swift */ = {isa = PBXFileReference; lastKnownFileType = sourcecode.swift; path = AppDelegate.swift; sourceTree = "<group>"; };
		69D840401C20C751007EC68C /* CreateMemeViewController.swift */ = {isa = PBXFileReference; lastKnownFileType = sourcecode.swift; path = CreateMemeViewController.swift; sourceTree = "<group>"; };
		69D840451C20C751007EC68C /* Assets.xcassets */ = {isa = PBXFileReference; lastKnownFileType = folder.assetcatalog; path = Assets.xcassets; sourceTree = "<group>"; };
		69D840481C20C751007EC68C /* Base */ = {isa = PBXFileReference; lastKnownFileType = file.storyboard; name = Base; path = Base.lproj/LaunchScreen.storyboard; sourceTree = "<group>"; };
		69D8404A1C20C751007EC68C /* Info.plist */ = {isa = PBXFileReference; lastKnownFileType = text.plist.xml; path = Info.plist; sourceTree = "<group>"; };
		69D8404F1C20C751007EC68C /* MemeMeTests.xctest */ = {isa = PBXFileReference; explicitFileType = wrapper.cfbundle; includeInIndex = 0; path = MemeMeTests.xctest; sourceTree = BUILT_PRODUCTS_DIR; };
		69D840531C20C751007EC68C /* MemeMeTests.swift */ = {isa = PBXFileReference; lastKnownFileType = sourcecode.swift; path = MemeMeTests.swift; sourceTree = "<group>"; };
		69D840551C20C751007EC68C /* Info.plist */ = {isa = PBXFileReference; lastKnownFileType = text.plist.xml; path = Info.plist; sourceTree = "<group>"; };
		69D8405A1C20C751007EC68C /* MemeMeUITests.xctest */ = {isa = PBXFileReference; explicitFileType = wrapper.cfbundle; includeInIndex = 0; path = MemeMeUITests.xctest; sourceTree = BUILT_PRODUCTS_DIR; };
		69D8405E1C20C751007EC68C /* MemeMeUITests.swift */ = {isa = PBXFileReference; lastKnownFileType = sourcecode.swift; path = MemeMeUITests.swift; sourceTree = "<group>"; };
		69D840601C20C751007EC68C /* Info.plist */ = {isa = PBXFileReference; lastKnownFileType = text.plist.xml; path = Info.plist; sourceTree = "<group>"; };
		69DDA61E1C2E8F3E00B9CB55 /* MemeTableViewController.swift */ = {isa = PBXFileReference; fileEncoding = 4; lastKnownFileType = sourcecode.swift; path = MemeTableViewController.swift; sourceTree = "<group>"; };
		69DDA6201C2E906E00B9CB55 /* MemeCollectionViewController.swift */ = {isa = PBXFileReference; fileEncoding = 4; lastKnownFileType = sourcecode.swift; name = MemeCollectionViewController.swift; path = ../MemeCollectionViewController.swift; sourceTree = "<group>"; };
		69DDA6221C2F9EE200B9CB55 /* CollectionViewCell.swift */ = {isa = PBXFileReference; fileEncoding = 4; lastKnownFileType = sourcecode.swift; path = CollectionViewCell.swift; sourceTree = "<group>"; };
		69DDA6241C2FA24C00B9CB55 /* TableViewCell.swift */ = {isa = PBXFileReference; fileEncoding = 4; lastKnownFileType = sourcecode.swift; path = TableViewCell.swift; sourceTree = "<group>"; };
		69DDA6271C2FC84100B9CB55 /* Base */ = {isa = PBXFileReference; lastKnownFileType = file.storyboard; name = Base; path = Base.lproj/Main.storyboard; sourceTree = "<group>"; };
		69DDA6291C30B4EE00B9CB55 /* MemeDetailViewController.swift */ = {isa = PBXFileReference; fileEncoding = 4; lastKnownFileType = sourcecode.swift; path = MemeDetailViewController.swift; sourceTree = "<group>"; };
/* End PBXFileReference section */

/* Begin PBXFrameworksBuildPhase section */
		69D840381C20C751007EC68C /* Frameworks */ = {
			isa = PBXFrameworksBuildPhase;
			buildActionMask = 2147483647;
			files = (
			);
			runOnlyForDeploymentPostprocessing = 0;
		};
		69D8404C1C20C751007EC68C /* Frameworks */ = {
			isa = PBXFrameworksBuildPhase;
			buildActionMask = 2147483647;
			files = (
			);
			runOnlyForDeploymentPostprocessing = 0;
		};
		69D840571C20C751007EC68C /* Frameworks */ = {
			isa = PBXFrameworksBuildPhase;
			buildActionMask = 2147483647;
			files = (
			);
			runOnlyForDeploymentPostprocessing = 0;
		};
/* End PBXFrameworksBuildPhase section */

/* Begin PBXGroup section */
		69D840321C20C751007EC68C = {
			isa = PBXGroup;
			children = (
				69D8403D1C20C751007EC68C /* MemeMe */,
				69D840521C20C751007EC68C /* MemeMeTests */,
				69D8405D1C20C751007EC68C /* MemeMeUITests */,
				69D8403C1C20C751007EC68C /* Products */,
			);
			sourceTree = "<group>";
		};
		69D8403C1C20C751007EC68C /* Products */ = {
			isa = PBXGroup;
			children = (
				69D8403B1C20C751007EC68C /* MemeMe.app */,
				69D8404F1C20C751007EC68C /* MemeMeTests.xctest */,
				69D8405A1C20C751007EC68C /* MemeMeUITests.xctest */,
			);
			name = Products;
			sourceTree = "<group>";
		};
		69D8403D1C20C751007EC68C /* MemeMe */ = {
			isa = PBXGroup;
			children = (
				69D8403E1C20C751007EC68C /* AppDelegate.swift */,
				69D840401C20C751007EC68C /* CreateMemeViewController.swift */,
				69DDA6221C2F9EE200B9CB55 /* CollectionViewCell.swift */,
				69DDA61E1C2E8F3E00B9CB55 /* MemeTableViewController.swift */,
				69DDA6201C2E906E00B9CB55 /* MemeCollectionViewController.swift */,
				699A17BF1C2C786400D72085 /* Meme.swift */,
				69CEE24F1C35168700FBF289 /* MemeManager.swift */,
				69DDA6261C2FC84100B9CB55 /* Main.storyboard */,
				69DDA6291C30B4EE00B9CB55 /* MemeDetailViewController.swift */,
				69D840451C20C751007EC68C /* Assets.xcassets */,
				69D840471C20C751007EC68C /* LaunchScreen.storyboard */,
				69DDA6241C2FA24C00B9CB55 /* TableViewCell.swift */,
				69D8404A1C20C751007EC68C /* Info.plist */,
			);
			path = MemeMe;
			sourceTree = "<group>";
		};
		69D840521C20C751007EC68C /* MemeMeTests */ = {
			isa = PBXGroup;
			children = (
				69D840531C20C751007EC68C /* MemeMeTests.swift */,
				69D840551C20C751007EC68C /* Info.plist */,
			);
			path = MemeMeTests;
			sourceTree = "<group>";
		};
		69D8405D1C20C751007EC68C /* MemeMeUITests */ = {
			isa = PBXGroup;
			children = (
				69D8405E1C20C751007EC68C /* MemeMeUITests.swift */,
				69D840601C20C751007EC68C /* Info.plist */,
			);
			path = MemeMeUITests;
			sourceTree = "<group>";
		};
/* End PBXGroup section */

/* Begin PBXNativeTarget section */
		69D8403A1C20C751007EC68C /* MemeMe */ = {
			isa = PBXNativeTarget;
			buildConfigurationList = 69D840631C20C751007EC68C /* Build configuration list for PBXNativeTarget "MemeMe" */;
			buildPhases = (
				69D840371C20C751007EC68C /* Sources */,
				69D840381C20C751007EC68C /* Frameworks */,
				69D840391C20C751007EC68C /* Resources */,
			);
			buildRules = (
			);
			dependencies = (
			);
			name = MemeMe;
			productName = MemeMe;
			productReference = 69D8403B1C20C751007EC68C /* MemeMe.app */;
			productType = "com.apple.product-type.application";
		};
		69D8404E1C20C751007EC68C /* MemeMeTests */ = {
			isa = PBXNativeTarget;
			buildConfigurationList = 69D840661C20C751007EC68C /* Build configuration list for PBXNativeTarget "MemeMeTests" */;
			buildPhases = (
				69D8404B1C20C751007EC68C /* Sources */,
				69D8404C1C20C751007EC68C /* Frameworks */,
				69D8404D1C20C751007EC68C /* Resources */,
			);
			buildRules = (
			);
			dependencies = (
				69D840511C20C751007EC68C /* PBXTargetDependency */,
			);
			name = MemeMeTests;
			productName = MemeMeTests;
			productReference = 69D8404F1C20C751007EC68C /* MemeMeTests.xctest */;
			productType = "com.apple.product-type.bundle.unit-test";
		};
		69D840591C20C751007EC68C /* MemeMeUITests */ = {
			isa = PBXNativeTarget;
			buildConfigurationList = 69D840691C20C751007EC68C /* Build configuration list for PBXNativeTarget "MemeMeUITests" */;
			buildPhases = (
				69D840561C20C751007EC68C /* Sources */,
				69D840571C20C751007EC68C /* Frameworks */,
				69D840581C20C751007EC68C /* Resources */,
			);
			buildRules = (
			);
			dependencies = (
				69D8405C1C20C751007EC68C /* PBXTargetDependency */,
			);
			name = MemeMeUITests;
			productName = MemeMeUITests;
			productReference = 69D8405A1C20C751007EC68C /* MemeMeUITests.xctest */;
			productType = "com.apple.product-type.bundle.ui-testing";
		};
/* End PBXNativeTarget section */

/* Begin PBXProject section */
		69D840331C20C751007EC68C /* Project object */ = {
			isa = PBXProject;
			attributes = {
				KnownAssetTags = (
					cameraButton,
				);
				LastSwiftUpdateCheck = 0720;
				LastUpgradeCheck = 0720;
				ORGANIZATIONNAME = "Chelsea Green";
				TargetAttributes = {
					69D8403A1C20C751007EC68C = {
						CreatedOnToolsVersion = 7.2;
					};
					69D8404E1C20C751007EC68C = {
						CreatedOnToolsVersion = 7.2;
						TestTargetID = 69D8403A1C20C751007EC68C;
					};
					69D840591C20C751007EC68C = {
						CreatedOnToolsVersion = 7.2;
						TestTargetID = 69D8403A1C20C751007EC68C;
					};
				};
			};
			buildConfigurationList = 69D840361C20C751007EC68C /* Build configuration list for PBXProject "MemeMe" */;
			compatibilityVersion = "Xcode 3.2";
			developmentRegion = English;
			hasScannedForEncodings = 0;
			knownRegions = (
				en,
				Base,
			);
			mainGroup = 69D840321C20C751007EC68C;
			productRefGroup = 69D8403C1C20C751007EC68C /* Products */;
			projectDirPath = "";
			projectRoot = "";
			targets = (
				69D8403A1C20C751007EC68C /* MemeMe */,
				69D8404E1C20C751007EC68C /* MemeMeTests */,
				69D840591C20C751007EC68C /* MemeMeUITests */,
			);
		};
/* End PBXProject section */

/* Begin PBXResourcesBuildPhase section */
		69D840391C20C751007EC68C /* Resources */ = {
			isa = PBXResourcesBuildPhase;
			buildActionMask = 2147483647;
			files = (
				69DDA6281C2FC84100B9CB55 /* Main.storyboard in Resources */,
				69D840491C20C751007EC68C /* LaunchScreen.storyboard in Resources */,
				69D840461C20C751007EC68C /* Assets.xcassets in Resources */,
			);
			runOnlyForDeploymentPostprocessing = 0;
		};
		69D8404D1C20C751007EC68C /* Resources */ = {
			isa = PBXResourcesBuildPhase;
			buildActionMask = 2147483647;
			files = (
			);
			runOnlyForDeploymentPostprocessing = 0;
		};
		69D840581C20C751007EC68C /* Resources */ = {
			isa = PBXResourcesBuildPhase;
			buildActionMask = 2147483647;
			files = (
			);
			runOnlyForDeploymentPostprocessing = 0;
		};
/* End PBXResourcesBuildPhase section */

/* Begin PBXSourcesBuildPhase section */
		69D840371C20C751007EC68C /* Sources */ = {
			isa = PBXSourcesBuildPhase;
			buildActionMask = 2147483647;
			files = (
				699A17C01C2C786400D72085 /* Meme.swift in Sources */,
				69D840411C20C751007EC68C /* CreateMemeViewController.swift in Sources */,
				69DDA6231C2F9EE200B9CB55 /* CollectionViewCell.swift in Sources */,
				69DDA6211C2E906E00B9CB55 /* MemeCollectionViewController.swift in Sources */,
				69CEE2501C35168700FBF289 /* MemeManager.swift in Sources */,
				69DDA61F1C2E8F3E00B9CB55 /* MemeTableViewController.swift in Sources */,
				69DDA6251C2FA24C00B9CB55 /* TableViewCell.swift in Sources */,
				69D8403F1C20C751007EC68C /* AppDelegate.swift in Sources */,
				69DDA62A1C30B4EE00B9CB55 /* MemeDetailViewController.swift in Sources */,
			);
			runOnlyForDeploymentPostprocessing = 0;
		};
		69D8404B1C20C751007EC68C /* Sources */ = {
			isa = PBXSourcesBuildPhase;
			buildActionMask = 2147483647;
			files = (
				69D840541C20C751007EC68C /* MemeMeTests.swift in Sources */,
			);
			runOnlyForDeploymentPostprocessing = 0;
		};
		69D840561C20C751007EC68C /* Sources */ = {
			isa = PBXSourcesBuildPhase;
			buildActionMask = 2147483647;
			files = (
				69D8405F1C20C751007EC68C /* MemeMeUITests.swift in Sources */,
			);
			runOnlyForDeploymentPostprocessing = 0;
		};
/* End PBXSourcesBuildPhase section */

/* Begin PBXTargetDependency section */
		69D840511C20C751007EC68C /* PBXTargetDependency */ = {
			isa = PBXTargetDependency;
			target = 69D8403A1C20C751007EC68C /* MemeMe */;
			targetProxy = 69D840501C20C751007EC68C /* PBXContainerItemProxy */;
		};
		69D8405C1C20C751007EC68C /* PBXTargetDependency */ = {
			isa = PBXTargetDependency;
			target = 69D8403A1C20C751007EC68C /* MemeMe */;
			targetProxy = 69D8405B1C20C751007EC68C /* PBXContainerItemProxy */;
		};
/* End PBXTargetDependency section */

/* Begin PBXVariantGroup section */
		69D840471C20C751007EC68C /* LaunchScreen.storyboard */ = {
			isa = PBXVariantGroup;
			children = (
				69D840481C20C751007EC68C /* Base */,
			);
			name = LaunchScreen.storyboard;
			sourceTree = "<group>";
		};
		69DDA6261C2FC84100B9CB55 /* Main.storyboard */ = {
			isa = PBXVariantGroup;
			children = (
				69DDA6271C2FC84100B9CB55 /* Base */,
			);
			name = Main.storyboard;
			sourceTree = "<group>";
		};
/* End PBXVariantGroup section */

/* Begin XCBuildConfiguration section */
		69D840611C20C751007EC68C /* Debug */ = {
			isa = XCBuildConfiguration;
			buildSettings = {
				ALWAYS_SEARCH_USER_PATHS = NO;
				CLANG_CXX_LANGUAGE_STANDARD = "gnu++0x";
				CLANG_CXX_LIBRARY = "libc++";
				CLANG_ENABLE_MODULES = YES;
				CLANG_ENABLE_OBJC_ARC = YES;
				CLANG_WARN_BOOL_CONVERSION = YES;
				CLANG_WARN_CONSTANT_CONVERSION = YES;
				CLANG_WARN_DIRECT_OBJC_ISA_USAGE = YES_ERROR;
				CLANG_WARN_EMPTY_BODY = YES;
				CLANG_WARN_ENUM_CONVERSION = YES;
				CLANG_WARN_INT_CONVERSION = YES;
				CLANG_WARN_OBJC_ROOT_CLASS = YES_ERROR;
				CLANG_WARN_UNREACHABLE_CODE = YES;
				CLANG_WARN__DUPLICATE_METHOD_MATCH = YES;
				"CODE_SIGN_IDENTITY[sdk=iphoneos*]" = "iPhone Developer";
				COPY_PHASE_STRIP = NO;
				DEBUG_INFORMATION_FORMAT = dwarf;
				ENABLE_STRICT_OBJC_MSGSEND = YES;
				ENABLE_TESTABILITY = YES;
				GCC_C_LANGUAGE_STANDARD = gnu99;
				GCC_DYNAMIC_NO_PIC = NO;
				GCC_NO_COMMON_BLOCKS = YES;
				GCC_OPTIMIZATION_LEVEL = 0;
				GCC_PREPROCESSOR_DEFINITIONS = (
					"DEBUG=1",
					"$(inherited)",
				);
				GCC_WARN_64_TO_32_BIT_CONVERSION = YES;
				GCC_WARN_ABOUT_RETURN_TYPE = YES_ERROR;
				GCC_WARN_UNDECLARED_SELECTOR = YES;
				GCC_WARN_UNINITIALIZED_AUTOS = YES_AGGRESSIVE;
				GCC_WARN_UNUSED_FUNCTION = YES;
				GCC_WARN_UNUSED_VARIABLE = YES;
				IPHONEOS_DEPLOYMENT_TARGET = 9.2;
				MTL_ENABLE_DEBUG_INFO = YES;
				ONLY_ACTIVE_ARCH = YES;
				SDKROOT = iphoneos;
				SWIFT_OPTIMIZATION_LEVEL = "-Onone";
				TARGETED_DEVICE_FAMILY = "1,2";
			};
			name = Debug;
		};
		69D840621C20C751007EC68C /* Release */ = {
			isa = XCBuildConfiguration;
			buildSettings = {
				ALWAYS_SEARCH_USER_PATHS = NO;
				CLANG_CXX_LANGUAGE_STANDARD = "gnu++0x";
				CLANG_CXX_LIBRARY = "libc++";
				CLANG_ENABLE_MODULES = YES;
				CLANG_ENABLE_OBJC_ARC = YES;
				CLANG_WARN_BOOL_CONVERSION = YES;
				CLANG_WARN_CONSTANT_CONVERSION = YES;
				CLANG_WARN_DIRECT_OBJC_ISA_USAGE = YES_ERROR;
				CLANG_WARN_EMPTY_BODY = YES;
				CLANG_WARN_ENUM_CONVERSION = YES;
				CLANG_WARN_INT_CONVERSION = YES;
				CLANG_WARN_OBJC_ROOT_CLASS = YES_ERROR;
				CLANG_WARN_UNREACHABLE_CODE = YES;
				CLANG_WARN__DUPLICATE_METHOD_MATCH = YES;
				"CODE_SIGN_IDENTITY[sdk=iphoneos*]" = "iPhone Developer";
				COPY_PHASE_STRIP = NO;
				DEBUG_INFORMATION_FORMAT = "dwarf-with-dsym";
				ENABLE_NS_ASSERTIONS = NO;
				ENABLE_STRICT_OBJC_MSGSEND = YES;
				GCC_C_LANGUAGE_STANDARD = gnu99;
				GCC_NO_COMMON_BLOCKS = YES;
				GCC_WARN_64_TO_32_BIT_CONVERSION = YES;
				GCC_WARN_ABOUT_RETURN_TYPE = YES_ERROR;
				GCC_WARN_UNDECLARED_SELECTOR = YES;
				GCC_WARN_UNINITIALIZED_AUTOS = YES_AGGRESSIVE;
				GCC_WARN_UNUSED_FUNCTION = YES;
				GCC_WARN_UNUSED_VARIABLE = YES;
				IPHONEOS_DEPLOYMENT_TARGET = 9.2;
				MTL_ENABLE_DEBUG_INFO = NO;
				SDKROOT = iphoneos;
				TARGETED_DEVICE_FAMILY = "1,2";
				VALIDATE_PRODUCT = YES;
			};
			name = Release;
		};
		69D840641C20C751007EC68C /* Debug */ = {
			isa = XCBuildConfiguration;
			buildSettings = {
				ASSETCATALOG_COMPILER_APPICON_NAME = AppIcon;
				INFOPLIST_FILE = MemeMe/Info.plist;
				LD_RUNPATH_SEARCH_PATHS = "$(inherited) @executable_path/Frameworks";
				PRODUCT_BUNDLE_IDENTIFIER = com.chelseagreen.MemeMe;
				PRODUCT_NAME = "$(TARGET_NAME)";
			};
			name = Debug;
		};
		69D840651C20C751007EC68C /* Release */ = {
			isa = XCBuildConfiguration;
			buildSettings = {
				ASSETCATALOG_COMPILER_APPICON_NAME = AppIcon;
				INFOPLIST_FILE = MemeMe/Info.plist;
				LD_RUNPATH_SEARCH_PATHS = "$(inherited) @executable_path/Frameworks";
				PRODUCT_BUNDLE_IDENTIFIER = com.chelseagreen.MemeMe;
				PRODUCT_NAME = "$(TARGET_NAME)";
			};
			name = Release;
		};
		69D840671C20C751007EC68C /* Debug */ = {
			isa = XCBuildConfiguration;
			buildSettings = {
				BUNDLE_LOADER = "$(TEST_HOST)";
				INFOPLIST_FILE = MemeMeTests/Info.plist;
				LD_RUNPATH_SEARCH_PATHS = "$(inherited) @executable_path/Frameworks @loader_path/Frameworks";
				PRODUCT_BUNDLE_IDENTIFIER = com.chelseagreen.MemeMeTests;
				PRODUCT_NAME = "$(TARGET_NAME)";
				TEST_HOST = "$(BUILT_PRODUCTS_DIR)/MemeMe.app/MemeMe";
			};
			name = Debug;
		};
		69D840681C20C751007EC68C /* Release */ = {
			isa = XCBuildConfiguration;
			buildSettings = {
				BUNDLE_LOADER = "$(TEST_HOST)";
				INFOPLIST_FILE = MemeMeTests/Info.plist;
				LD_RUNPATH_SEARCH_PATHS = "$(inherited) @executable_path/Frameworks @loader_path/Frameworks";
				PRODUCT_BUNDLE_IDENTIFIER = com.chelseagreen.MemeMeTests;
				PRODUCT_NAME = "$(TARGET_NAME)";
				TEST_HOST = "$(BUILT_PRODUCTS_DIR)/MemeMe.app/MemeMe";
			};
			name = Release;
		};
		69D8406A1C20C751007EC68C /* Debug */ = {
			isa = XCBuildConfiguration;
			buildSettings = {
				INFOPLIST_FILE = MemeMeUITests/Info.plist;
				LD_RUNPATH_SEARCH_PATHS = "$(inherited) @executable_path/Frameworks @loader_path/Frameworks";
				PRODUCT_BUNDLE_IDENTIFIER = com.chelseagreen.MemeMeUITests;
				PRODUCT_NAME = "$(TARGET_NAME)";
				TEST_TARGET_NAME = MemeMe;
				USES_XCTRUNNER = YES;
			};
			name = Debug;
		};
		69D8406B1C20C751007EC68C /* Release */ = {
			isa = XCBuildConfiguration;
			buildSettings = {
				INFOPLIST_FILE = MemeMeUITests/Info.plist;
				LD_RUNPATH_SEARCH_PATHS = "$(inherited) @executable_path/Frameworks @loader_path/Frameworks";
				PRODUCT_BUNDLE_IDENTIFIER = com.chelseagreen.MemeMeUITests;
				PRODUCT_NAME = "$(TARGET_NAME)";
				TEST_TARGET_NAME = MemeMe;
				USES_XCTRUNNER = YES;
			};
			name = Release;
		};
/* End XCBuildConfiguration section */

/* Begin XCConfigurationList section */
		69D840361C20C751007EC68C /* Build configuration list for PBXProject "MemeMe" */ = {
			isa = XCConfigurationList;
			buildConfigurations = (
				69D840611C20C751007EC68C /* Debug */,
				69D840621C20C751007EC68C /* Release */,
			);
			defaultConfigurationIsVisible = 0;
			defaultConfigurationName = Release;
		};
		69D840631C20C751007EC68C /* Build configuration list for PBXNativeTarget "MemeMe" */ = {
			isa = XCConfigurationList;
			buildConfigurations = (
				69D840641C20C751007EC68C /* Debug */,
				69D840651C20C751007EC68C /* Release */,
			);
			defaultConfigurationIsVisible = 0;
			defaultConfigurationName = Release;
		};
		69D840661C20C751007EC68C /* Build configuration list for PBXNativeTarget "MemeMeTests" */ = {
			isa = XCConfigurationList;
			buildConfigurations = (
				69D840671C20C751007EC68C /* Debug */,
				69D840681C20C751007EC68C /* Release */,
			);
			defaultConfigurationIsVisible = 0;
			defaultConfigurationName = Release;
		};
		69D840691C20C751007EC68C /* Build configuration list for PBXNativeTarget "MemeMeUITests" */ = {
			isa = XCConfigurationList;
			buildConfigurations = (
				69D8406A1C20C751007EC68C /* Debug */,
				69D8406B1C20C751007EC68C /* Release */,
			);
			defaultConfigurationIsVisible = 0;
			defaultConfigurationName = Release;
		};
/* End XCConfigurationList section */
	};
	rootObject = 69D840331C20C751007EC68C /* Project object */;
}
